
Microsoft Visual Studio Solution File, Format Version 12.00
# Visual Studio 15
VisualStudioVersion = 15.0.28307.1259
MinimumVisualStudioVersion = 10.0.40219.1
Project("{FAE04EC0-301F-11D3-BF4B-00C04F79EFBC}") = "ClientProxy-P4-017-Form", "ClientProxy-P4-017-Form\ClientProxy-P4-017-Form.csproj", "{F89E6C9F-DB8F-418C-BE52-155E8AB13611}"
EndProject
Global
	GlobalSection(SolutionConfigurationPlatforms) = preSolution
		Debug|Any CPU = Debug|Any CPU
		Release|Any CPU = Release|Any CPU
	EndGlobalSection
	GlobalSection(ProjectConfigurationPlatforms) = postSolution
		{F89E6C9F-DB8F-418C-BE52-155E8AB13611}.Debug|Any CPU.ActiveCfg = Debug|Any CPU
		{F89E6C9F-DB8F-418C-BE52-155E8AB13611}.Debug|Any CPU.Build.0 = Debug|Any CPU
		{F89E6C9F-DB8F-418C-BE52-155E8AB13611}.Release|Any CPU.ActiveCfg = Release|Any CPU
		{F89E6C9F-DB8F-418C-BE52-155E8AB13611}.Release|Any CPU.Build.0 = Release|Any CPU
	EndGlobalSection
	GlobalSection(SolutionProperties) = preSolution
		HideSolutionNode = FALSE
	EndGlobalSection
	GlobalSection(ExtensibilityGlobals) = postSolution
		SolutionGuid = {60BB4B35-5275-470B-A20D-712171C51661}
	EndGlobalSection
EndGlobal
